
Microsoft Visual Studio Solution File, Format Version 12.00
# Visual Studio Version 17
VisualStudioVersion = 17.13.35931.197
MinimumVisualStudioVersion = 10.0.40219.1
Project("{FAE04EC0-301F-11D3-BF4B-00C04F79EFBC}") = "POS", "POS\POS.csproj", "{C131CA7B-0468-41AD-95AE-C2EC9C3BF17A}"
EndProject
Project("{FAE04EC0-301F-11D3-BF4B-00C04F79EFBC}") = "TableOrder", "TableOrder\TableOrder.csproj", "{80A69C77-3F6E-4ECC-BDB0-75E6BB369560}"
EndProject
Project("{FAE04EC0-301F-11D3-BF4B-00C04F79EFBC}") = "PosServer", "PosServer\PosServer.csproj", "{D28BA38C-7425-43BF-AE3C-8762B7B453CE}"
EndProject
Project("{FAE04EC0-301F-11D3-BF4B-00C04F79EFBC}") = "POS.Shared", "POS.Shared\POS.Shared.csproj", "{4F6BB4C2-B499-44FE-A8EE-FF3A316917F8}"
EndProject
Global
	GlobalSection(SolutionConfigurationPlatforms) = preSolution
		Debug|Any CPU = Debug|Any CPU
		Release|Any CPU = Release|Any CPU
	EndGlobalSection
	GlobalSection(ProjectConfigurationPlatforms) = postSolution
		{C131CA7B-0468-41AD-95AE-C2EC9C3BF17A}.Debug|Any CPU.ActiveCfg = Debug|Any CPU
		{C131CA7B-0468-41AD-95AE-C2EC9C3BF17A}.Debug|Any CPU.Build.0 = Debug|Any CPU
		{C131CA7B-0468-41AD-95AE-C2EC9C3BF17A}.Release|Any CPU.ActiveCfg = Release|Any CPU
		{C131CA7B-0468-41AD-95AE-C2EC9C3BF17A}.Release|Any CPU.Build.0 = Release|Any CPU
		{80A69C77-3F6E-4ECC-BDB0-75E6BB369560}.Debug|Any CPU.ActiveCfg = Debug|Any CPU
		{80A69C77-3F6E-4ECC-BDB0-75E6BB369560}.Debug|Any CPU.Build.0 = Debug|Any CPU
		{80A69C77-3F6E-4ECC-BDB0-75E6BB369560}.Release|Any CPU.ActiveCfg = Release|Any CPU
		{80A69C77-3F6E-4ECC-BDB0-75E6BB369560}.Release|Any CPU.Build.0 = Release|Any CPU
		{D28BA38C-7425-43BF-AE3C-8762B7B453CE}.Debug|Any CPU.ActiveCfg = Debug|Any CPU
		{D28BA38C-7425-43BF-AE3C-8762B7B453CE}.Debug|Any CPU.Build.0 = Debug|Any CPU
		{D28BA38C-7425-43BF-AE3C-8762B7B453CE}.Release|Any CPU.ActiveCfg = Release|Any CPU
		{D28BA38C-7425-43BF-AE3C-8762B7B453CE}.Release|Any CPU.Build.0 = Release|Any CPU
		{4F6BB4C2-B499-44FE-A8EE-FF3A316917F8}.Debug|Any CPU.ActiveCfg = Debug|Any CPU
		{4F6BB4C2-B499-44FE-A8EE-FF3A316917F8}.Debug|Any CPU.Build.0 = Debug|Any CPU
		{4F6BB4C2-B499-44FE-A8EE-FF3A316917F8}.Release|Any CPU.ActiveCfg = Release|Any CPU
		{4F6BB4C2-B499-44FE-A8EE-FF3A316917F8}.Release|Any CPU.Build.0 = Release|Any CPU
	EndGlobalSection
	GlobalSection(SolutionProperties) = preSolution
		HideSolutionNode = FALSE
	EndGlobalSection
	GlobalSection(ExtensibilityGlobals) = postSolution
		SolutionGuid = {5ED93C36-499D-4775-A299-CCCDEE036244}
	EndGlobalSection
EndGlobal
